{
  "name": "static-comp-1",
  "lockfileVersion": 3,
  "requires": true,
  "packages": {
    "": {
      "dependencies": {
        "@flaticon/flaticon-uicons": "^2.0.1"
      }
    },
    "node_modules/@flaticon/flaticon-uicons": {
      "version": "2.0.1",
      "resolved": "https://registry.npmjs.org/@flaticon/flaticon-uicons/-/flaticon-uicons-2.0.1.tgz",
      "integrity": "sha512-AOnYdo6YfwfcHwhW7tKOS6c0wwaOLz4iQlJ0sEPLLdVk5Xk8pbq+Qf3UENBN+CRNJVdx22syw9zrkEKqR6Gm3A==",
      "optionalDependencies": {
        "esbuild-linux-64": "^0.14.5"
      }
    },
    "node_modules/esbuild-linux-64": {
      "version": "0.14.54",
      "resolved": "https://registry.npmjs.org/esbuild-linux-64/-/esbuild-linux-64-0.14.54.tgz",
      "integrity": "sha512-EgjAgH5HwTbtNsTqQOXWApBaPVdDn7XcK+/PtJwZLT1UmpLoznPd8c5CxqsH2dQK3j05YsB3L17T8vE7cp4cCg==",
      "cpu": [
        "x64"
      ],
      "optional": true,
      "os": [
        "linux"
      ],
      "engines": {
        "node": ">=12"
      }
    }
  }
}
